
Microsoft Visual Studio Solution File, Format Version 12.00
# Visual Studio Version 16
VisualStudioVersion = 16.0.30320.27
MinimumVisualStudioVersion = 10.0.40219.1
Project("{FAE04EC0-301F-11D3-BF4B-00C04F79EFBC}") = "Task1", "Efectura\Task1.csproj", "{DFEC8C27-13ED-4499-ACE5-706ABC647442}"
EndProject
Project("{FAE04EC0-301F-11D3-BF4B-00C04F79EFBC}") = "Task2", "Task2\Task2.csproj", "{10318786-FB27-4649-9ED6-33CD7E158E1E}"
EndProject
Project("{FAE04EC0-301F-11D3-BF4B-00C04F79EFBC}") = "Task3", "Task3\Task3.csproj", "{0B2A1D3C-6F3C-473A-BD7B-A18C492A475A}"
EndProject
Global
	GlobalSection(SolutionConfigurationPlatforms) = preSolution
		Debug|Any CPU = Debug|Any CPU
		Release|Any CPU = Release|Any CPU
	EndGlobalSection
	GlobalSection(ProjectConfigurationPlatforms) = postSolution
		{DFEC8C27-13ED-4499-ACE5-706ABC647442}.Debug|Any CPU.ActiveCfg = Debug|Any CPU
		{DFEC8C27-13ED-4499-ACE5-706ABC647442}.Debug|Any CPU.Build.0 = Debug|Any CPU
		{DFEC8C27-13ED-4499-ACE5-706ABC647442}.Release|Any CPU.ActiveCfg = Release|Any CPU
		{DFEC8C27-13ED-4499-ACE5-706ABC647442}.Release|Any CPU.Build.0 = Release|Any CPU
		{10318786-FB27-4649-9ED6-33CD7E158E1E}.Debug|Any CPU.ActiveCfg = Debug|Any CPU
		{10318786-FB27-4649-9ED6-33CD7E158E1E}.Debug|Any CPU.Build.0 = Debug|Any CPU
		{10318786-FB27-4649-9ED6-33CD7E158E1E}.Release|Any CPU.ActiveCfg = Release|Any CPU
		{10318786-FB27-4649-9ED6-33CD7E158E1E}.Release|Any CPU.Build.0 = Release|Any CPU
		{0B2A1D3C-6F3C-473A-BD7B-A18C492A475A}.Debug|Any CPU.ActiveCfg = Debug|Any CPU
		{0B2A1D3C-6F3C-473A-BD7B-A18C492A475A}.Debug|Any CPU.Build.0 = Debug|Any CPU
		{0B2A1D3C-6F3C-473A-BD7B-A18C492A475A}.Release|Any CPU.ActiveCfg = Release|Any CPU
		{0B2A1D3C-6F3C-473A-BD7B-A18C492A475A}.Release|Any CPU.Build.0 = Release|Any CPU
	EndGlobalSection
	GlobalSection(SolutionProperties) = preSolution
		HideSolutionNode = FALSE
	EndGlobalSection
	GlobalSection(ExtensibilityGlobals) = postSolution
		SolutionGuid = {4A6B6779-615E-4EDC-BF68-D0446C69A639}
	EndGlobalSection
EndGlobal
